// !$*UTF8*$!
{
	archiveVersion = 1;
	classes = {
	};
	objectVersion = 55;
	objects = {

/* Begin PBXBuildFile section */
		EE499FCA20A26C5758BF040D /* Pods_Weather_Peiwen.framework in Frameworks */ = {isa = PBXBuildFile; fileRef = 28A78A98793B9F16B95B9336 /* Pods_Weather_Peiwen.framework */; };
		FA1C674D272CB45C008B8FE7 /* AppDelegate.swift in Sources */ = {isa = PBXBuildFile; fileRef = FA1C674C272CB45C008B8FE7 /* AppDelegate.swift */; };
		FA1C674F272CB45C008B8FE7 /* SceneDelegate.swift in Sources */ = {isa = PBXBuildFile; fileRef = FA1C674E272CB45C008B8FE7 /* SceneDelegate.swift */; };
		FA1C6751272CB45C008B8FE7 /* ViewController.swift in Sources */ = {isa = PBXBuildFile; fileRef = FA1C6750272CB45C008B8FE7 /* ViewController.swift */; };
		FA1C6754272CB45C008B8FE7 /* Main.storyboard in Resources */ = {isa = PBXBuildFile; fileRef = FA1C6752272CB45C008B8FE7 /* Main.storyboard */; };
		FA1C6756272CB460008B8FE7 /* Assets.xcassets in Resources */ = {isa = PBXBuildFile; fileRef = FA1C6755272CB460008B8FE7 /* Assets.xcassets */; };
		FA1C6759272CB460008B8FE7 /* LaunchScreen.storyboard in Resources */ = {isa = PBXBuildFile; fileRef = FA1C6757272CB460008B8FE7 /* LaunchScreen.storyboard */; };
		FA1C6763272CB827008B8FE7 /* SearchCityViewController.swift in Sources */ = {isa = PBXBuildFile; fileRef = FA1C6762272CB827008B8FE7 /* SearchCityViewController.swift */; };
		FA1C6765272CB864008B8FE7 /* Constants.swift in Sources */ = {isa = PBXBuildFile; fileRef = FA1C6764272CB864008B8FE7 /* Constants.swift */; };
		FA1C6768272CB890008B8FE7 /* CityWeatherTableViewCell.swift in Sources */ = {isa = PBXBuildFile; fileRef = FA1C6766272CB890008B8FE7 /* CityWeatherTableViewCell.swift */; };
		FA1C6769272CB890008B8FE7 /* CityWeatherTableViewCell.xib in Resources */ = {isa = PBXBuildFile; fileRef = FA1C6767272CB890008B8FE7 /* CityWeatherTableViewCell.xib */; };
		FA1C676F272CB957008B8FE7 /* CityInfo.swift in Sources */ = {isa = PBXBuildFile; fileRef = FA1C676E272CB957008B8FE7 /* CityInfo.swift */; };
		FA1C6771272CB96D008B8FE7 /* CurrentWeather.swift in Sources */ = {isa = PBXBuildFile; fileRef = FA1C6770272CB96D008B8FE7 /* CurrentWeather.swift */; };
/* End PBXBuildFile section */

/* Begin PBXFileReference section */
		28A78A98793B9F16B95B9336 /* Pods_Weather_Peiwen.framework */ = {isa = PBXFileReference; explicitFileType = wrapper.framework; includeInIndex = 0; path = Pods_Weather_Peiwen.framework; sourceTree = BUILT_PRODUCTS_DIR; };
		DAD0A7F71205E8F346552B27 /* Pods-Weather_Peiwen.release.xcconfig */ = {isa = PBXFileReference; includeInIndex = 1; lastKnownFileType = text.xcconfig; name = "Pods-Weather_Peiwen.release.xcconfig"; path = "Target Support Files/Pods-Weather_Peiwen/Pods-Weather_Peiwen.release.xcconfig"; sourceTree = "<group>"; };
		F2E05C87DB530492AA2E73B4 /* Pods-Weather_Peiwen.debug.xcconfig */ = {isa = PBXFileReference; includeInIndex = 1; lastKnownFileType = text.xcconfig; name = "Pods-Weather_Peiwen.debug.xcconfig"; path = "Target Support Files/Pods-Weather_Peiwen/Pods-Weather_Peiwen.debug.xcconfig"; sourceTree = "<group>"; };
		FA1C6749272CB45C008B8FE7 /* Weather_Peiwen.app */ = {isa = PBXFileReference; explicitFileType = wrapper.application; includeInIndex = 0; path = Weather_Peiwen.app; sourceTree = BUILT_PRODUCTS_DIR; };
		FA1C674C272CB45C008B8FE7 /* AppDelegate.swift */ = {isa = PBXFileReference; lastKnownFileType = sourcecode.swift; path = AppDelegate.swift; sourceTree = "<group>"; };
		FA1C674E272CB45C008B8FE7 /* SceneDelegate.swift */ = {isa = PBXFileReference; lastKnownFileType = sourcecode.swift; path = SceneDelegate.swift; sourceTree = "<group>"; };
		FA1C6750272CB45C008B8FE7 /* ViewController.swift */ = {isa = PBXFileReference; lastKnownFileType = sourcecode.swift; path = ViewController.swift; sourceTree = "<group>"; };
		FA1C6753272CB45C008B8FE7 /* Base */ = {isa = PBXFileReference; lastKnownFileType = file.storyboard; name = Base; path = Base.lproj/Main.storyboard; sourceTree = "<group>"; };
		FA1C6755272CB460008B8FE7 /* Assets.xcassets */ = {isa = PBXFileReference; lastKnownFileType = folder.assetcatalog; path = Assets.xcassets; sourceTree = "<group>"; };
		FA1C6758272CB460008B8FE7 /* Base */ = {isa = PBXFileReference; lastKnownFileType = file.storyboard; name = Base; path = Base.lproj/LaunchScreen.storyboard; sourceTree = "<group>"; };
		FA1C675A272CB460008B8FE7 /* Info.plist */ = {isa = PBXFileReference; lastKnownFileType = text.plist.xml; path = Info.plist; sourceTree = "<group>"; };
		FA1C6762272CB827008B8FE7 /* SearchCityViewController.swift */ = {isa = PBXFileReference; lastKnownFileType = sourcecode.swift; path = SearchCityViewController.swift; sourceTree = "<group>"; };
		FA1C6764272CB864008B8FE7 /* Constants.swift */ = {isa = PBXFileReference; lastKnownFileType = sourcecode.swift; path = Constants.swift; sourceTree = "<group>"; };
		FA1C6766272CB890008B8FE7 /* CityWeatherTableViewCell.swift */ = {isa = PBXFileReference; lastKnownFileType = sourcecode.swift; path = CityWeatherTableViewCell.swift; sourceTree = "<group>"; };
		FA1C6767272CB890008B8FE7 /* CityWeatherTableViewCell.xib */ = {isa = PBXFileReference; lastKnownFileType = file.xib; path = CityWeatherTableViewCell.xib; sourceTree = "<group>"; };
		FA1C676E272CB957008B8FE7 /* CityInfo.swift */ = {isa = PBXFileReference; lastKnownFileType = sourcecode.swift; path = CityInfo.swift; sourceTree = "<group>"; };
		FA1C6770272CB96D008B8FE7 /* CurrentWeather.swift */ = {isa = PBXFileReference; lastKnownFileType = sourcecode.swift; path = CurrentWeather.swift; sourceTree = "<group>"; };
/* End PBXFileReference section */

/* Begin PBXFrameworksBuildPhase section */
		FA1C6746272CB45C008B8FE7 /* Frameworks */ = {
			isa = PBXFrameworksBuildPhase;
			buildActionMask = 2147483647;
			files = (
				EE499FCA20A26C5758BF040D /* Pods_Weather_Peiwen.framework in Frameworks */,
			);
			runOnlyForDeploymentPostprocessing = 0;
		};
/* End PBXFrameworksBuildPhase section */

/* Begin PBXGroup section */
		9E174BB61AAB5C222B0969DD /* Pods */ = {
			isa = PBXGroup;
			children = (
				F2E05C87DB530492AA2E73B4 /* Pods-Weather_Peiwen.debug.xcconfig */,
				DAD0A7F71205E8F346552B27 /* Pods-Weather_Peiwen.release.xcconfig */,
			);
			path = Pods;
			sourceTree = "<group>";
		};
		9E7A652FA38624B7BB306152 /* Frameworks */ = {
			isa = PBXGroup;
			children = (
				28A78A98793B9F16B95B9336 /* Pods_Weather_Peiwen.framework */,
			);
			name = Frameworks;
			sourceTree = "<group>";
		};
		FA1C6740272CB45C008B8FE7 = {
			isa = PBXGroup;
			children = (
				FA1C674B272CB45C008B8FE7 /* Weather_Peiwen */,
				FA1C674A272CB45C008B8FE7 /* Products */,
				9E174BB61AAB5C222B0969DD /* Pods */,
				9E7A652FA38624B7BB306152 /* Frameworks */,
			);
			sourceTree = "<group>";
		};
		FA1C674A272CB45C008B8FE7 /* Products */ = {
			isa = PBXGroup;
			children = (
				FA1C6749272CB45C008B8FE7 /* Weather_Peiwen.app */,
			);
			name = Products;
			sourceTree = "<group>";
		};
		FA1C674B272CB45C008B8FE7 /* Weather_Peiwen */ = {
			isa = PBXGroup;
			children = (
				FA1C676A272CB89D008B8FE7 /* Controller */,
				FA1C676D272CB8D0008B8FE7 /* Model */,
				FA1C676C272CB8C8008B8FE7 /* View */,
				FA1C674C272CB45C008B8FE7 /* AppDelegate.swift */,
				FA1C674E272CB45C008B8FE7 /* SceneDelegate.swift */,
				FA1C6755272CB460008B8FE7 /* Assets.xcassets */,
				FA1C6757272CB460008B8FE7 /* LaunchScreen.storyboard */,
				FA1C675A272CB460008B8FE7 /* Info.plist */,
			);
			path = Weather_Peiwen;
			sourceTree = "<group>";
		};
		FA1C676A272CB89D008B8FE7 /* Controller */ = {
			isa = PBXGroup;
			children = (
				FA1C6750272CB45C008B8FE7 /* ViewController.swift */,
				FA1C6762272CB827008B8FE7 /* SearchCityViewController.swift */,
				FA1C6764272CB864008B8FE7 /* Constants.swift */,
				FA1C6766272CB890008B8FE7 /* CityWeatherTableViewCell.swift */,
				FA1C6767272CB890008B8FE7 /* CityWeatherTableViewCell.xib */,
			);
			path = Controller;
			sourceTree = "<group>";
		};
		FA1C676C272CB8C8008B8FE7 /* View */ = {
			isa = PBXGroup;
			children = (
				FA1C6752272CB45C008B8FE7 /* Main.storyboard */,
			);
			path = View;
			sourceTree = "<group>";
		};
		FA1C676D272CB8D0008B8FE7 /* Model */ = {
			isa = PBXGroup;
			children = (
				FA1C676E272CB957008B8FE7 /* CityInfo.swift */,
				FA1C6770272CB96D008B8FE7 /* CurrentWeather.swift */,
			);
			path = Model;
			sourceTree = "<group>";
		};
/* End PBXGroup section */

/* Begin PBXNativeTarget section */
		FA1C6748272CB45C008B8FE7 /* Weather_Peiwen */ = {
			isa = PBXNativeTarget;
			buildConfigurationList = FA1C675D272CB460008B8FE7 /* Build configuration list for PBXNativeTarget "Weather_Peiwen" */;
			buildPhases = (
				8F6B806C8C17EA602123B7DE /* [CP] Check Pods Manifest.lock */,
				FA1C6745272CB45C008B8FE7 /* Sources */,
				FA1C6746272CB45C008B8FE7 /* Frameworks */,
				FA1C6747272CB45C008B8FE7 /* Resources */,
				5E13F2891955DE4AB58C5F34 /* [CP] Embed Pods Frameworks */,
			);
			buildRules = (
			);
			dependencies = (
			);
			name = Weather_Peiwen;
			productName = Weather_Peiwen;
			productReference = FA1C6749272CB45C008B8FE7 /* Weather_Peiwen.app */;
			productType = "com.apple.product-type.application";
		};
/* End PBXNativeTarget section */

/* Begin PBXProject section */
		FA1C6741272CB45C008B8FE7 /* Project object */ = {
			isa = PBXProject;
			attributes = {
				BuildIndependentTargetsInParallel = 1;
				LastSwiftUpdateCheck = 1310;
				LastUpgradeCheck = 1310;
				TargetAttributes = {
					FA1C6748272CB45C008B8FE7 = {
						CreatedOnToolsVersion = 13.1;
					};
				};
			};
			buildConfigurationList = FA1C6744272CB45C008B8FE7 /* Build configuration list for PBXProject "Weather_Peiwen" */;
			compatibilityVersion = "Xcode 13.0";
			developmentRegion = en;
			hasScannedForEncodings = 0;
			knownRegions = (
				en,
				Base,
			);
			mainGroup = FA1C6740272CB45C008B8FE7;
			productRefGroup = FA1C674A272CB45C008B8FE7 /* Products */;
			projectDirPath = "";
			projectRoot = "";
			targets = (
				FA1C6748272CB45C008B8FE7 /* Weather_Peiwen */,
			);
		};
/* End PBXProject section */

/* Begin PBXResourcesBuildPhase section */
		FA1C6747272CB45C008B8FE7 /* Resources */ = {
			isa = PBXResourcesBuildPhase;
			buildActionMask = 2147483647;
			files = (
				FA1C6759272CB460008B8FE7 /* LaunchScreen.storyboard in Resources */,
				FA1C6769272CB890008B8FE7 /* CityWeatherTableViewCell.xib in Resources */,
				FA1C6756272CB460008B8FE7 /* Assets.xcassets in Resources */,
				FA1C6754272CB45C008B8FE7 /* Main.storyboard in Resources */,
			);
			runOnlyForDeploymentPostprocessing = 0;
		};
/* End PBXResourcesBuildPhase section */

/* Begin PBXShellScriptBuildPhase section */
		5E13F2891955DE4AB58C5F34 /* [CP] Embed Pods Frameworks */ = {
			isa = PBXShellScriptBuildPhase;
			buildActionMask = 2147483647;
			files = (
			);
			inputFileListPaths = (
				"${PODS_ROOT}/Target Support Files/Pods-Weather_Peiwen/Pods-Weather_Peiwen-frameworks-${CONFIGURATION}-input-files.xcfilelist",
			);
			name = "[CP] Embed Pods Frameworks";
			outputFileListPaths = (
				"${PODS_ROOT}/Target Support Files/Pods-Weather_Peiwen/Pods-Weather_Peiwen-frameworks-${CONFIGURATION}-output-files.xcfilelist",
			);
			runOnlyForDeploymentPostprocessing = 0;
			shellPath = /bin/sh;
			shellScript = "\"${PODS_ROOT}/Target Support Files/Pods-Weather_Peiwen/Pods-Weather_Peiwen-frameworks.sh\"\n";
			showEnvVarsInLog = 0;
		};
		8F6B806C8C17EA602123B7DE /* [CP] Check Pods Manifest.lock */ = {
			isa = PBXShellScriptBuildPhase;
			buildActionMask = 2147483647;
			files = (
			);
			inputFileListPaths = (
			);
			inputPaths = (
				"${PODS_PODFILE_DIR_PATH}/Podfile.lock",
				"${PODS_ROOT}/Manifest.lock",
			);
			name = "[CP] Check Pods Manifest.lock";
			outputFileListPaths = (
			);
			outputPaths = (
				"$(DERIVED_FILE_DIR)/Pods-Weather_Peiwen-checkManifestLockResult.txt",
			);
			runOnlyForDeploymentPostprocessing = 0;
			shellPath = /bin/sh;
			shellScript = "diff \"${PODS_PODFILE_DIR_PATH}/Podfile.lock\" \"${PODS_ROOT}/Manifest.lock\" > /dev/null\nif [ $? != 0 ] ; then\n    # print error to STDERR\n    echo \"error: The sandbox is not in sync with the Podfile.lock. Run 'pod install' or update your CocoaPods installation.\" >&2\n    exit 1\nfi\n# This output is used by Xcode 'outputs' to avoid re-running this script phase.\necho \"SUCCESS\" > \"${SCRIPT_OUTPUT_FILE_0}\"\n";
			showEnvVarsInLog = 0;
		};
/* End PBXShellScriptBuildPhase section */

/* Begin PBXSourcesBuildPhase section */
		FA1C6745272CB45C008B8FE7 /* Sources */ = {
			isa = PBXSourcesBuildPhase;
			buildActionMask = 2147483647;
			files = (
				FA1C6765272CB864008B8FE7 /* Constants.swift in Sources */,
				FA1C6768272CB890008B8FE7 /* CityWeatherTableViewCell.swift in Sources */,
				FA1C6771272CB96D008B8FE7 /* CurrentWeather.swift in Sources */,
				FA1C6751272CB45C008B8FE7 /* ViewController.swift in Sources */,
				FA1C674D272CB45C008B8FE7 /* AppDelegate.swift in Sources */,
				FA1C676F272CB957008B8FE7 /* CityInfo.swift in Sources */,
				FA1C674F272CB45C008B8FE7 /* SceneDelegate.swift in Sources */,
				FA1C6763272CB827008B8FE7 /* SearchCityViewController.swift in Sources */,
			);
			runOnlyForDeploymentPostprocessing = 0;
		};
/* End PBXSourcesBuildPhase section */

/* Begin PBXVariantGroup section */
		FA1C6752272CB45C008B8FE7 /* Main.storyboard */ = {
			isa = PBXVariantGroup;
			children = (
				FA1C6753272CB45C008B8FE7 /* Base */,
			);
			name = Main.storyboard;
			sourceTree = "<group>";
		};
		FA1C6757272CB460008B8FE7 /* LaunchScreen.storyboard */ = {
			isa = PBXVariantGroup;
			children = (
				FA1C6758272CB460008B8FE7 /* Base */,
			);
			name = LaunchScreen.storyboard;
			sourceTree = "<group>";
		};
/* End PBXVariantGroup section */

/* Begin XCBuildConfiguration section */
		FA1C675B272CB460008B8FE7 /* Debug */ = {
			isa = XCBuildConfiguration;
			buildSettings = {
				ALWAYS_SEARCH_USER_PATHS = NO;
				CLANG_ANALYZER_NONNULL = YES;
				CLANG_ANALYZER_NUMBER_OBJECT_CONVERSION = YES_AGGRESSIVE;
				CLANG_CXX_LANGUAGE_STANDARD = "gnu++17";
				CLANG_CXX_LIBRARY = "libc++";
				CLANG_ENABLE_MODULES = YES;
				CLANG_ENABLE_OBJC_ARC = YES;
				CLANG_ENABLE_OBJC_WEAK = YES;
				CLANG_WARN_BLOCK_CAPTURE_AUTORELEASING = YES;
				CLANG_WARN_BOOL_CONVERSION = YES;
				CLANG_WARN_COMMA = YES;
				CLANG_WARN_CONSTANT_CONVERSION = YES;
				CLANG_WARN_DEPRECATED_OBJC_IMPLEMENTATIONS = YES;
				CLANG_WARN_DIRECT_OBJC_ISA_USAGE = YES_ERROR;
				CLANG_WARN_DOCUMENTATION_COMMENTS = YES;
				CLANG_WARN_EMPTY_BODY = YES;
				CLANG_WARN_ENUM_CONVERSION = YES;
				CLANG_WARN_INFINITE_RECURSION = YES;
				CLANG_WARN_INT_CONVERSION = YES;
				CLANG_WARN_NON_LITERAL_NULL_CONVERSION = YES;
				CLANG_WARN_OBJC_IMPLICIT_RETAIN_SELF = YES;
				CLANG_WARN_OBJC_LITERAL_CONVERSION = YES;
				CLANG_WARN_OBJC_ROOT_CLASS = YES_ERROR;
				CLANG_WARN_QUOTED_INCLUDE_IN_FRAMEWORK_HEADER = YES;
				CLANG_WARN_RANGE_LOOP_ANALYSIS = YES;
				CLANG_WARN_STRICT_PROTOTYPES = YES;
				CLANG_WARN_SUSPICIOUS_MOVE = YES;
				CLANG_WARN_UNGUARDED_AVAILABILITY = YES_AGGRESSIVE;
				CLANG_WARN_UNREACHABLE_CODE = YES;
				CLANG_WARN__DUPLICATE_METHOD_MATCH = YES;
				COPY_PHASE_STRIP = NO;
				DEBUG_INFORMATION_FORMAT = dwarf;
				ENABLE_STRICT_OBJC_MSGSEND = YES;
				ENABLE_TESTABILITY = YES;
				GCC_C_LANGUAGE_STANDARD = gnu11;
				GCC_DYNAMIC_NO_PIC = NO;
				GCC_NO_COMMON_BLOCKS = YES;
				GCC_OPTIMIZATION_LEVEL = 0;
				GCC_PREPROCESSOR_DEFINITIONS = (
					"DEBUG=1",
					"$(inherited)",
				);
				GCC_WARN_64_TO_32_BIT_CONVERSION = YES;
				GCC_WARN_ABOUT_RETURN_TYPE = YES_ERROR;
				GCC_WARN_UNDECLARED_SELECTOR = YES;
				GCC_WARN_UNINITIALIZED_AUTOS = YES_AGGRESSIVE;
				GCC_WARN_UNUSED_FUNCTION = YES;
				GCC_WARN_UNUSED_VARIABLE = YES;
				IPHONEOS_DEPLOYMENT_TARGET = 15.0;
				MTL_ENABLE_DEBUG_INFO = INCLUDE_SOURCE;
				MTL_FAST_MATH = YES;
				ONLY_ACTIVE_ARCH = YES;
				SDKROOT = iphoneos;
				SWIFT_ACTIVE_COMPILATION_CONDITIONS = DEBUG;
				SWIFT_OPTIMIZATION_LEVEL = "-Onone";
			};
			name = Debug;
		};
		FA1C675C272CB460008B8FE7 /* Release */ = {
			isa = XCBuildConfiguration;
			buildSettings = {
				ALWAYS_SEARCH_USER_PATHS = NO;
				CLANG_ANALYZER_NONNULL = YES;
				CLANG_ANALYZER_NUMBER_OBJECT_CONVERSION = YES_AGGRESSIVE;
				CLANG_CXX_LANGUAGE_STANDARD = "gnu++17";
				CLANG_CXX_LIBRARY = "libc++";
				CLANG_ENABLE_MODULES = YES;
				CLANG_ENABLE_OBJC_ARC = YES;
				CLANG_ENABLE_OBJC_WEAK = YES;
				CLANG_WARN_BLOCK_CAPTURE_AUTORELEASING = YES;
				CLANG_WARN_BOOL_CONVERSION = YES;
				CLANG_WARN_COMMA = YES;
				CLANG_WARN_CONSTANT_CONVERSION = YES;
				CLANG_WARN_DEPRECATED_OBJC_IMPLEMENTATIONS = YES;
				CLANG_WARN_DIRECT_OBJC_ISA_USAGE = YES_ERROR;
				CLANG_WARN_DOCUMENTATION_COMMENTS = YES;
				CLANG_WARN_EMPTY_BODY = YES;
				CLANG_WARN_ENUM_CONVERSION = YES;
				CLANG_WARN_INFINITE_RECURSION = YES;
				CLANG_WARN_INT_CONVERSION = YES;
				CLANG_WARN_NON_LITERAL_NULL_CONVERSION = YES;
				CLANG_WARN_OBJC_IMPLICIT_RETAIN_SELF = YES;
				CLANG_WARN_OBJC_LITERAL_CONVERSION = YES;
				CLANG_WARN_OBJC_ROOT_CLASS = YES_ERROR;
				CLANG_WARN_QUOTED_INCLUDE_IN_FRAMEWORK_HEADER = YES;
				CLANG_WARN_RANGE_LOOP_ANALYSIS = YES;
				CLANG_WARN_STRICT_PROTOTYPES = YES;
				CLANG_WARN_SUSPICIOUS_MOVE = YES;
				CLANG_WARN_UNGUARDED_AVAILABILITY = YES_AGGRESSIVE;
				CLANG_WARN_UNREACHABLE_CODE = YES;
				CLANG_WARN__DUPLICATE_METHOD_MATCH = YES;
				COPY_PHASE_STRIP = NO;
				DEBUG_INFORMATION_FORMAT = "dwarf-with-dsym";
				ENABLE_NS_ASSERTIONS = NO;
				ENABLE_STRICT_OBJC_MSGSEND = YES;
				GCC_C_LANGUAGE_STANDARD = gnu11;
				GCC_NO_COMMON_BLOCKS = YES;
				GCC_WARN_64_TO_32_BIT_CONVERSION = YES;
				GCC_WARN_ABOUT_RETURN_TYPE = YES_ERROR;
				GCC_WARN_UNDECLARED_SELECTOR = YES;
				GCC_WARN_UNINITIALIZED_AUTOS = YES_AGGRESSIVE;
				GCC_WARN_UNUSED_FUNCTION = YES;
				GCC_WARN_UNUSED_VARIABLE = YES;
				IPHONEOS_DEPLOYMENT_TARGET = 15.0;
				MTL_ENABLE_DEBUG_INFO = NO;
				MTL_FAST_MATH = YES;
				SDKROOT = iphoneos;
				SWIFT_COMPILATION_MODE = wholemodule;
				SWIFT_OPTIMIZATION_LEVEL = "-O";
				VALIDATE_PRODUCT = YES;
			};
			name = Release;
		};
		FA1C675E272CB460008B8FE7 /* Debug */ = {
			isa = XCBuildConfiguration;
			baseConfigurationReference = F2E05C87DB530492AA2E73B4 /* Pods-Weather_Peiwen.debug.xcconfig */;
			buildSettings = {
				ASSETCATALOG_COMPILER_APPICON_NAME = AppIcon;
				ASSETCATALOG_COMPILER_GLOBAL_ACCENT_COLOR_NAME = AccentColor;
				CODE_SIGN_STYLE = Automatic;
				CURRENT_PROJECT_VERSION = 1;
				GENERATE_INFOPLIST_FILE = YES;
				INFOPLIST_FILE = Weather_Peiwen/Info.plist;
				INFOPLIST_KEY_UIApplicationSupportsIndirectInputEvents = YES;
				INFOPLIST_KEY_UILaunchStoryboardName = LaunchScreen;
				INFOPLIST_KEY_UIMainStoryboardFile = Main;
				INFOPLIST_KEY_UISupportedInterfaceOrientations_iPad = "UIInterfaceOrientationPortrait UIInterfaceOrientationPortraitUpsideDown UIInterfaceOrientationLandscapeLeft UIInterfaceOrientationLandscapeRight";
				INFOPLIST_KEY_UISupportedInterfaceOrientations_iPhone = "UIInterfaceOrientationPortrait UIInterfaceOrientationLandscapeLeft UIInterfaceOrientationLandscapeRight";
				LD_RUNPATH_SEARCH_PATHS = (
					"$(inherited)",
					"@executable_path/Frameworks",
				);
				MARKETING_VERSION = 1.0;
				PRODUCT_BUNDLE_IDENTIFIER = "edu.northeastern.peiwen.Weather-Peiwen";
				PRODUCT_NAME = "$(TARGET_NAME)";
				SWIFT_EMIT_LOC_STRINGS = YES;
				SWIFT_VERSION = 5.0;
				TARGETED_DEVICE_FAMILY = "1,2";
			};
			name = Debug;
		};
		FA1C675F272CB460008B8FE7 /* Release */ = {
			isa = XCBuildConfiguration;
			baseConfigurationReference = DAD0A7F71205E8F346552B27 /* Pods-Weather_Peiwen.release.xcconfig */;
			buildSettings = {
				ASSETCATALOG_COMPILER_APPICON_NAME = AppIcon;
				ASSETCATALOG_COMPILER_GLOBAL_ACCENT_COLOR_NAME = AccentColor;
				CODE_SIGN_STYLE = Automatic;
				CURRENT_PROJECT_VERSION = 1;
				GENERATE_INFOPLIST_FILE = YES;
				INFOPLIST_FILE = Weather_Peiwen/Info.plist;
				INFOPLIST_KEY_UIApplicationSupportsIndirectInputEvents = YES;
				INFOPLIST_KEY_UILaunchStoryboardName = LaunchScreen;
				INFOPLIST_KEY_UIMainStoryboardFile = Main;
				INFOPLIST_KEY_UISupportedInterfaceOrientations_iPad = "UIInterfaceOrientationPortrait UIInterfaceOrientationPortraitUpsideDown UIInterfaceOrientationLandscapeLeft UIInterfaceOrientationLandscapeRight";
				INFOPLIST_KEY_UISupportedInterfaceOrientations_iPhone = "UIInterfaceOrientationPortrait UIInterfaceOrientationLandscapeLeft UIInterfaceOrientationLandscapeRight";
				LD_RUNPATH_SEARCH_PATHS = (
					"$(inherited)",
					"@executable_path/Frameworks",
				);
				MARKETING_VERSION = 1.0;
				PRODUCT_BUNDLE_IDENTIFIER = "edu.northeastern.peiwen.Weather-Peiwen";
				PRODUCT_NAME = "$(TARGET_NAME)";
				SWIFT_EMIT_LOC_STRINGS = YES;
				SWIFT_VERSION = 5.0;
				TARGETED_DEVICE_FAMILY = "1,2";
			};
			name = Release;
		};
/* End XCBuildConfiguration section */

/* Begin XCConfigurationList section */
		FA1C6744272CB45C008B8FE7 /* Build configuration list for PBXProject "Weather_Peiwen" */ = {
			isa = XCConfigurationList;
			buildConfigurations = (
				FA1C675B272CB460008B8FE7 /* Debug */,
				FA1C675C272CB460008B8FE7 /* Release */,
			);
			defaultConfigurationIsVisible = 0;
			defaultConfigurationName = Release;
		};
		FA1C675D272CB460008B8FE7 /* Build configuration list for PBXNativeTarget "Weather_Peiwen" */ = {
			isa = XCConfigurationList;
			buildConfigurations = (
				FA1C675E272CB460008B8FE7 /* Debug */,
				FA1C675F272CB460008B8FE7 /* Release */,
			);
			defaultConfigurationIsVisible = 0;
			defaultConfigurationName = Release;
		};
/* End XCConfigurationList section */
	};
	rootObject = FA1C6741272CB45C008B8FE7 /* Project object */;
}
